
Microsoft Visual Studio Solution File, Format Version 12.00
# Visual Studio 15
VisualStudioVersion = 15.0.27703.2042
MinimumVisualStudioVersion = 10.0.40219.1
Project("{FAE04EC0-301F-11D3-BF4B-00C04F79EFBC}") = "repository test", "repository test\repository test.csproj", "{52D72C0D-7D50-4773-A9B2-CC0696E81CFD}"
EndProject
Global
	GlobalSection(SolutionConfigurationPlatforms) = preSolution
		Debug|Any CPU = Debug|Any CPU
		Release|Any CPU = Release|Any CPU
	EndGlobalSection
	GlobalSection(ProjectConfigurationPlatforms) = postSolution
		{52D72C0D-7D50-4773-A9B2-CC0696E81CFD}.Debug|Any CPU.ActiveCfg = Debug|Any CPU
		{52D72C0D-7D50-4773-A9B2-CC0696E81CFD}.Debug|Any CPU.Build.0 = Debug|Any CPU
		{52D72C0D-7D50-4773-A9B2-CC0696E81CFD}.Release|Any CPU.ActiveCfg = Release|Any CPU
		{52D72C0D-7D50-4773-A9B2-CC0696E81CFD}.Release|Any CPU.Build.0 = Release|Any CPU
	EndGlobalSection
	GlobalSection(SolutionProperties) = preSolution
		HideSolutionNode = FALSE
	EndGlobalSection
	GlobalSection(ExtensibilityGlobals) = postSolution
		SolutionGuid = {C496E062-43A5-424A-87FC-22CCED689B43}
	EndGlobalSection
EndGlobal
